
Microsoft Visual Studio Solution File, Format Version 12.00
# Visual Studio Version 16
VisualStudioVersion = 16.0.30717.126
MinimumVisualStudioVersion = 10.0.40219.1
Project("{FAE04EC0-301F-11D3-BF4B-00C04F79EFBC}") = "Weather", "Weather\Weather.csproj", "{A165DE55-E3C0-486D-88BE-51A3143B0F00}"
EndProject
Global
	GlobalSection(SolutionConfigurationPlatforms) = preSolution
		Debug|Any CPU = Debug|Any CPU
		Release|Any CPU = Release|Any CPU
	EndGlobalSection
	GlobalSection(ProjectConfigurationPlatforms) = postSolution
		{A165DE55-E3C0-486D-88BE-51A3143B0F00}.Debug|Any CPU.ActiveCfg = Debug|Any CPU
		{A165DE55-E3C0-486D-88BE-51A3143B0F00}.Debug|Any CPU.Build.0 = Debug|Any CPU
		{A165DE55-E3C0-486D-88BE-51A3143B0F00}.Release|Any CPU.ActiveCfg = Release|Any CPU
		{A165DE55-E3C0-486D-88BE-51A3143B0F00}.Release|Any CPU.Build.0 = Release|Any CPU
	EndGlobalSection
	GlobalSection(SolutionProperties) = preSolution
		HideSolutionNode = FALSE
	EndGlobalSection
	GlobalSection(ExtensibilityGlobals) = postSolution
		SolutionGuid = {0FBCBEED-03ED-4549-A726-6230A7379AD5}
	EndGlobalSection
EndGlobal
